// !$*UTF8*$!
{
	archiveVersion = 1;
	classes = {
	};
	objectVersion = 56;
	objects = {

/* Begin PBXBuildFile section */
		F81AC3D22BC6E6B700D65AB4 /* SetLifeKeypad.swift in Sources */ = {isa = PBXBuildFile; fileRef = F81AC3D12BC6E6B700D65AB4 /* SetLifeKeypad.swift */; };
		F81AC3D42BC6E88200D65AB4 /* KeypadKey.swift in Sources */ = {isa = PBXBuildFile; fileRef = F81AC3D32BC6E88200D65AB4 /* KeypadKey.swift */; };
		F81AC3D82BC831BE00D65AB4 /* LargeKey.swift in Sources */ = {isa = PBXBuildFile; fileRef = F81AC3D72BC831BE00D65AB4 /* LargeKey.swift */; };
		F81AC3DA2BC85B8000D65AB4 /* SmallKey.swift in Sources */ = {isa = PBXBuildFile; fileRef = F81AC3D92BC85B8000D65AB4 /* SmallKey.swift */; };
		F81AC3DC2BC85D3500D65AB4 /* ThreePlayerGame.swift in Sources */ = {isa = PBXBuildFile; fileRef = F81AC3DB2BC85D3500D65AB4 /* ThreePlayerGame.swift */; };
		F81AC3DE2BC85E6B00D65AB4 /* TwoPlayerGame.swift in Sources */ = {isa = PBXBuildFile; fileRef = F81AC3DD2BC85E6B00D65AB4 /* TwoPlayerGame.swift */; };
		F81AC3E02BC8632900D65AB4 /* SquareButton.swift in Sources */ = {isa = PBXBuildFile; fileRef = F81AC3DF2BC8632900D65AB4 /* SquareButton.swift */; };
		F81AC3E22BC8690900D65AB4 /* CircleMenu.swift in Sources */ = {isa = PBXBuildFile; fileRef = F81AC3E12BC8690900D65AB4 /* CircleMenu.swift */; };
		F81AC3E42BC89A4600D65AB4 /* animations.swift in Sources */ = {isa = PBXBuildFile; fileRef = F81AC3E32BC89A4600D65AB4 /* animations.swift */; };
		F81AC3E62BC89F8500D65AB4 /* backgroundrectangle.swift in Sources */ = {isa = PBXBuildFile; fileRef = F81AC3E52BC89F8500D65AB4 /* backgroundrectangle.swift */; };
		F81B6B772C367B60005B98E4 /* CommanderDamageDisplay.swift in Sources */ = {isa = PBXBuildFile; fileRef = F81B6B762C367B60005B98E4 /* CommanderDamageDisplay.swift */; };
		F82B69042C6847750058FAC0 /* PageManager.swift in Sources */ = {isa = PBXBuildFile; fileRef = F82B69032C6847750058FAC0 /* PageManager.swift */; };
		F82B69062C68497D0058FAC0 /* MenuButton.swift in Sources */ = {isa = PBXBuildFile; fileRef = F82B69052C68497D0058FAC0 /* MenuButton.swift */; };
		F82B69082C68547E0058FAC0 /* CounterCounter.swift in Sources */ = {isa = PBXBuildFile; fileRef = F82B69072C68547E0058FAC0 /* CounterCounter.swift */; };
		F82B690A2C69314C0058FAC0 /* ToggleCircle.swift in Sources */ = {isa = PBXBuildFile; fileRef = F82B69092C69314C0058FAC0 /* ToggleCircle.swift */; };
		F82B690C2C697D380058FAC0 /* SingleToggleCircle.swift in Sources */ = {isa = PBXBuildFile; fileRef = F82B690B2C697D380058FAC0 /* SingleToggleCircle.swift */; };
		F82E08EE2BC58A8E00C651AE /* Loading.swift in Sources */ = {isa = PBXBuildFile; fileRef = F82E08ED2BC58A8E00C651AE /* Loading.swift */; };
		F82E08F02BC58BE500C651AE /* FourPlayerGame.swift in Sources */ = {isa = PBXBuildFile; fileRef = F82E08EF2BC58BE400C651AE /* FourPlayerGame.swift */; };
		F82E08F22BC599CF00C651AE /* LifeBlock.swift in Sources */ = {isa = PBXBuildFile; fileRef = F82E08F12BC599CF00C651AE /* LifeBlock.swift */; };
		F82E08F42BC5A56000C651AE /* Player.swift in Sources */ = {isa = PBXBuildFile; fileRef = F82E08F32BC5A56000C651AE /* Player.swift */; };
		F82E08F62BC5A57900C651AE /* Game.swift in Sources */ = {isa = PBXBuildFile; fileRef = F82E08F52BC5A57900C651AE /* Game.swift */; };
		F82E08F82BC5C0B600C651AE /* Test.storyboard in Resources */ = {isa = PBXBuildFile; fileRef = F82E08F72BC5C0B600C651AE /* Test.storyboard */; };
		F86BD4FE2CAC3CC700E2392F /* DungeonElem.swift in Sources */ = {isa = PBXBuildFile; fileRef = F86BD4FD2CAC3CC700E2392F /* DungeonElem.swift */; };
		F86BD5022CAC4D0300E2392F /* DungeonBackground.swift in Sources */ = {isa = PBXBuildFile; fileRef = F86BD5012CAC4D0300E2392F /* DungeonBackground.swift */; };
		F8729EBE2BDC00ED00662855 /* FivePlayerGame.swift in Sources */ = {isa = PBXBuildFile; fileRef = F8729EBD2BDC00ED00662855 /* FivePlayerGame.swift */; };
		F8729EC02BDC091200662855 /* Confirmation.swift in Sources */ = {isa = PBXBuildFile; fileRef = F8729EBF2BDC091200662855 /* Confirmation.swift */; };
		F881E2792BD202D700A98031 /* BlankKey.swift in Sources */ = {isa = PBXBuildFile; fileRef = F881E2782BD202D700A98031 /* BlankKey.swift */; };
		F881E27B2BD20DC700A98031 /* StartGameSettings.swift in Sources */ = {isa = PBXBuildFile; fileRef = F881E27A2BD20DC700A98031 /* StartGameSettings.swift */; };
		F881E27D2BD20F6600A98031 /* OnePlayerGame.swift in Sources */ = {isa = PBXBuildFile; fileRef = F881E27C2BD20F6600A98031 /* OnePlayerGame.swift */; };
		F881E27F2BD2177300A98031 /* BasicKeypad.swift in Sources */ = {isa = PBXBuildFile; fileRef = F881E27E2BD2177300A98031 /* BasicKeypad.swift */; };
		F88B27542C56AC8D00E19197 /* ExpandingButton.swift in Sources */ = {isa = PBXBuildFile; fileRef = F88B27532C56AC8D00E19197 /* ExpandingButton.swift */; };
		F8B234632BC57ED7009D6962 /* LifeReconApp.swift in Sources */ = {isa = PBXBuildFile; fileRef = F8B234622BC57ED7009D6962 /* LifeReconApp.swift */; };
		F8B234672BC57ED8009D6962 /* Assets.xcassets in Resources */ = {isa = PBXBuildFile; fileRef = F8B234662BC57ED8009D6962 /* Assets.xcassets */; };
		F8B2346A2BC57ED8009D6962 /* Preview Assets.xcassets in Resources */ = {isa = PBXBuildFile; fileRef = F8B234692BC57ED8009D6962 /* Preview Assets.xcassets */; };
		F8B234742BC57ED9009D6962 /* LifeReconTests.swift in Sources */ = {isa = PBXBuildFile; fileRef = F8B234732BC57ED9009D6962 /* LifeReconTests.swift */; };
		F8B2347E2BC57ED9009D6962 /* LifeReconUITests.swift in Sources */ = {isa = PBXBuildFile; fileRef = F8B2347D2BC57ED9009D6962 /* LifeReconUITests.swift */; };
		F8B234802BC57ED9009D6962 /* LifeReconUITestsLaunchTests.swift in Sources */ = {isa = PBXBuildFile; fileRef = F8B2347F2BC57ED9009D6962 /* LifeReconUITestsLaunchTests.swift */; };
		F8D1BC132C04900500A163D8 /* HomeLargeButton.swift in Sources */ = {isa = PBXBuildFile; fileRef = F8D1BC122C04900500A163D8 /* HomeLargeButton.swift */; };
		F8D1BC192C05433F00A163D8 /* PlayerMenu.swift in Sources */ = {isa = PBXBuildFile; fileRef = F8D1BC182C05433F00A163D8 /* PlayerMenu.swift */; };
		F8D1BC1B2C05479200A163D8 /* NumberCircle.swift in Sources */ = {isa = PBXBuildFile; fileRef = F8D1BC1A2C05479200A163D8 /* NumberCircle.swift */; };
/* End PBXBuildFile section */

/* Begin PBXContainerItemProxy section */
		F8B234702BC57ED9009D6962 /* PBXContainerItemProxy */ = {
			isa = PBXContainerItemProxy;
			containerPortal = F8B234572BC57ED7009D6962 /* Project object */;
			proxyType = 1;
			remoteGlobalIDString = F8B2345E2BC57ED7009D6962;
			remoteInfo = LifeRecon;
		};
		F8B2347A2BC57ED9009D6962 /* PBXContainerItemProxy */ = {
			isa = PBXContainerItemProxy;
			containerPortal = F8B234572BC57ED7009D6962 /* Project object */;
			proxyType = 1;
			remoteGlobalIDString = F8B2345E2BC57ED7009D6962;
			remoteInfo = LifeRecon;
		};
/* End PBXContainerItemProxy section */

/* Begin PBXFileReference section */
		F81AC3D12BC6E6B700D65AB4 /* SetLifeKeypad.swift */ = {isa = PBXFileReference; lastKnownFileType = sourcecode.swift; path = SetLifeKeypad.swift; sourceTree = "<group>"; };
		F81AC3D32BC6E88200D65AB4 /* KeypadKey.swift */ = {isa = PBXFileReference; lastKnownFileType = sourcecode.swift; path = KeypadKey.swift; sourceTree = "<group>"; };
		F81AC3D72BC831BE00D65AB4 /* LargeKey.swift */ = {isa = PBXFileReference; lastKnownFileType = sourcecode.swift; path = LargeKey.swift; sourceTree = "<group>"; };
		F81AC3D92BC85B8000D65AB4 /* SmallKey.swift */ = {isa = PBXFileReference; lastKnownFileType = sourcecode.swift; path = SmallKey.swift; sourceTree = "<group>"; };
		F81AC3DB2BC85D3500D65AB4 /* ThreePlayerGame.swift */ = {isa = PBXFileReference; lastKnownFileType = sourcecode.swift; path = ThreePlayerGame.swift; sourceTree = "<group>"; };
		F81AC3DD2BC85E6B00D65AB4 /* TwoPlayerGame.swift */ = {isa = PBXFileReference; lastKnownFileType = sourcecode.swift; path = TwoPlayerGame.swift; sourceTree = "<group>"; };
		F81AC3DF2BC8632900D65AB4 /* SquareButton.swift */ = {isa = PBXFileReference; lastKnownFileType = sourcecode.swift; path = SquareButton.swift; sourceTree = "<group>"; };
		F81AC3E12BC8690900D65AB4 /* CircleMenu.swift */ = {isa = PBXFileReference; lastKnownFileType = sourcecode.swift; path = CircleMenu.swift; sourceTree = "<group>"; };
		F81AC3E32BC89A4600D65AB4 /* animations.swift */ = {isa = PBXFileReference; lastKnownFileType = sourcecode.swift; path = animations.swift; sourceTree = "<group>"; };
		F81AC3E52BC89F8500D65AB4 /* backgroundrectangle.swift */ = {isa = PBXFileReference; lastKnownFileType = sourcecode.swift; path = backgroundrectangle.swift; sourceTree = "<group>"; };
		F81B6B762C367B60005B98E4 /* CommanderDamageDisplay.swift */ = {isa = PBXFileReference; lastKnownFileType = sourcecode.swift; path = CommanderDamageDisplay.swift; sourceTree = "<group>"; };
		F82B69032C6847750058FAC0 /* PageManager.swift */ = {isa = PBXFileReference; lastKnownFileType = sourcecode.swift; path = PageManager.swift; sourceTree = "<group>"; };
		F82B69052C68497D0058FAC0 /* MenuButton.swift */ = {isa = PBXFileReference; lastKnownFileType = sourcecode.swift; path = MenuButton.swift; sourceTree = "<group>"; };
		F82B69072C68547E0058FAC0 /* CounterCounter.swift */ = {isa = PBXFileReference; lastKnownFileType = sourcecode.swift; path = CounterCounter.swift; sourceTree = "<group>"; };
		F82B69092C69314C0058FAC0 /* ToggleCircle.swift */ = {isa = PBXFileReference; lastKnownFileType = sourcecode.swift; path = ToggleCircle.swift; sourceTree = "<group>"; };
		F82B690B2C697D380058FAC0 /* SingleToggleCircle.swift */ = {isa = PBXFileReference; lastKnownFileType = sourcecode.swift; path = SingleToggleCircle.swift; sourceTree = "<group>"; };
		F82E08ED2BC58A8E00C651AE /* Loading.swift */ = {isa = PBXFileReference; lastKnownFileType = sourcecode.swift; path = Loading.swift; sourceTree = "<group>"; };
		F82E08EF2BC58BE400C651AE /* FourPlayerGame.swift */ = {isa = PBXFileReference; lastKnownFileType = sourcecode.swift; path = FourPlayerGame.swift; sourceTree = "<group>"; };
		F82E08F12BC599CF00C651AE /* LifeBlock.swift */ = {isa = PBXFileReference; lastKnownFileType = sourcecode.swift; path = LifeBlock.swift; sourceTree = "<group>"; };
		F82E08F32BC5A56000C651AE /* Player.swift */ = {isa = PBXFileReference; lastKnownFileType = sourcecode.swift; path = Player.swift; sourceTree = "<group>"; };
		F82E08F52BC5A57900C651AE /* Game.swift */ = {isa = PBXFileReference; lastKnownFileType = sourcecode.swift; path = Game.swift; sourceTree = "<group>"; };
		F82E08F72BC5C0B600C651AE /* Test.storyboard */ = {isa = PBXFileReference; lastKnownFileType = file.storyboard; path = Test.storyboard; sourceTree = "<group>"; };
		F86BD4FD2CAC3CC700E2392F /* DungeonElem.swift */ = {isa = PBXFileReference; lastKnownFileType = sourcecode.swift; path = DungeonElem.swift; sourceTree = "<group>"; };
		F86BD5012CAC4D0300E2392F /* DungeonBackground.swift */ = {isa = PBXFileReference; lastKnownFileType = sourcecode.swift; path = DungeonBackground.swift; sourceTree = "<group>"; };
		F8729EBD2BDC00ED00662855 /* FivePlayerGame.swift */ = {isa = PBXFileReference; lastKnownFileType = sourcecode.swift; path = FivePlayerGame.swift; sourceTree = "<group>"; };
		F8729EBF2BDC091200662855 /* Confirmation.swift */ = {isa = PBXFileReference; lastKnownFileType = sourcecode.swift; path = Confirmation.swift; sourceTree = "<group>"; };
		F881E2782BD202D700A98031 /* BlankKey.swift */ = {isa = PBXFileReference; lastKnownFileType = sourcecode.swift; path = BlankKey.swift; sourceTree = "<group>"; };
		F881E27A2BD20DC700A98031 /* StartGameSettings.swift */ = {isa = PBXFileReference; lastKnownFileType = sourcecode.swift; path = StartGameSettings.swift; sourceTree = "<group>"; };
		F881E27C2BD20F6600A98031 /* OnePlayerGame.swift */ = {isa = PBXFileReference; lastKnownFileType = sourcecode.swift; path = OnePlayerGame.swift; sourceTree = "<group>"; };
		F881E27E2BD2177300A98031 /* BasicKeypad.swift */ = {isa = PBXFileReference; lastKnownFileType = sourcecode.swift; path = BasicKeypad.swift; sourceTree = "<group>"; };
		F88B27532C56AC8D00E19197 /* ExpandingButton.swift */ = {isa = PBXFileReference; lastKnownFileType = sourcecode.swift; path = ExpandingButton.swift; sourceTree = "<group>"; };
		F8B2345F2BC57ED7009D6962 /* LifeRecon.app */ = {isa = PBXFileReference; explicitFileType = wrapper.application; includeInIndex = 0; path = LifeRecon.app; sourceTree = BUILT_PRODUCTS_DIR; };
		F8B234622BC57ED7009D6962 /* LifeReconApp.swift */ = {isa = PBXFileReference; lastKnownFileType = sourcecode.swift; path = LifeReconApp.swift; sourceTree = "<group>"; };
		F8B234662BC57ED8009D6962 /* Assets.xcassets */ = {isa = PBXFileReference; lastKnownFileType = folder.assetcatalog; path = Assets.xcassets; sourceTree = "<group>"; };
		F8B234692BC57ED8009D6962 /* Preview Assets.xcassets */ = {isa = PBXFileReference; lastKnownFileType = folder.assetcatalog; path = "Preview Assets.xcassets"; sourceTree = "<group>"; };
		F8B2346F2BC57ED9009D6962 /* LifeReconTests.xctest */ = {isa = PBXFileReference; explicitFileType = wrapper.cfbundle; includeInIndex = 0; path = LifeReconTests.xctest; sourceTree = BUILT_PRODUCTS_DIR; };
		F8B234732BC57ED9009D6962 /* LifeReconTests.swift */ = {isa = PBXFileReference; lastKnownFileType = sourcecode.swift; path = LifeReconTests.swift; sourceTree = "<group>"; };
		F8B234792BC57ED9009D6962 /* LifeReconUITests.xctest */ = {isa = PBXFileReference; explicitFileType = wrapper.cfbundle; includeInIndex = 0; path = LifeReconUITests.xctest; sourceTree = BUILT_PRODUCTS_DIR; };
		F8B2347D2BC57ED9009D6962 /* LifeReconUITests.swift */ = {isa = PBXFileReference; lastKnownFileType = sourcecode.swift; path = LifeReconUITests.swift; sourceTree = "<group>"; };
		F8B2347F2BC57ED9009D6962 /* LifeReconUITestsLaunchTests.swift */ = {isa = PBXFileReference; lastKnownFileType = sourcecode.swift; path = LifeReconUITestsLaunchTests.swift; sourceTree = "<group>"; };
		F8D1BC122C04900500A163D8 /* HomeLargeButton.swift */ = {isa = PBXFileReference; lastKnownFileType = sourcecode.swift; path = HomeLargeButton.swift; sourceTree = "<group>"; };
		F8D1BC182C05433F00A163D8 /* PlayerMenu.swift */ = {isa = PBXFileReference; lastKnownFileType = sourcecode.swift; path = PlayerMenu.swift; sourceTree = "<group>"; };
		F8D1BC1A2C05479200A163D8 /* NumberCircle.swift */ = {isa = PBXFileReference; lastKnownFileType = sourcecode.swift; path = NumberCircle.swift; sourceTree = "<group>"; };
/* End PBXFileReference section */

/* Begin PBXFrameworksBuildPhase section */
		F8B2345C2BC57ED7009D6962 /* Frameworks */ = {
			isa = PBXFrameworksBuildPhase;
			buildActionMask = 2147483647;
			files = (
			);
			runOnlyForDeploymentPostprocessing = 0;
		};
		F8B2346C2BC57ED9009D6962 /* Frameworks */ = {
			isa = PBXFrameworksBuildPhase;
			buildActionMask = 2147483647;
			files = (
			);
			runOnlyForDeploymentPostprocessing = 0;
		};
		F8B234762BC57ED9009D6962 /* Frameworks */ = {
			isa = PBXFrameworksBuildPhase;
			buildActionMask = 2147483647;
			files = (
			);
			runOnlyForDeploymentPostprocessing = 0;
		};
/* End PBXFrameworksBuildPhase section */

/* Begin PBXGroup section */
		F81B6B732C320769005B98E4 /* Fonts */ = {
			isa = PBXGroup;
			children = (
			);
			path = Fonts;
			sourceTree = "<group>";
		};
		F8B234562BC57ED7009D6962 = {
			isa = PBXGroup;
			children = (
				F82E08F72BC5C0B600C651AE /* Test.storyboard */,
				F8B234612BC57ED7009D6962 /* LifeRecon */,
				F8B234722BC57ED9009D6962 /* LifeReconTests */,
				F8B2347C2BC57ED9009D6962 /* LifeReconUITests */,
				F8B234602BC57ED7009D6962 /* Products */,
			);
			sourceTree = "<group>";
		};
		F8B234602BC57ED7009D6962 /* Products */ = {
			isa = PBXGroup;
			children = (
				F8B2345F2BC57ED7009D6962 /* LifeRecon.app */,
				F8B2346F2BC57ED9009D6962 /* LifeReconTests.xctest */,
				F8B234792BC57ED9009D6962 /* LifeReconUITests.xctest */,
			);
			name = Products;
			sourceTree = "<group>";
		};
		F8B234612BC57ED7009D6962 /* LifeRecon */ = {
			isa = PBXGroup;
			children = (
				F81B6B732C320769005B98E4 /* Fonts */,
				F8B234622BC57ED7009D6962 /* LifeReconApp.swift */,
				F82B69032C6847750058FAC0 /* PageManager.swift */,
				F8D1BC172C0541FD00A163D8 /* Structs */,
				F8D1BC162C0541B600A163D8 /* PageElems */,
				F8D1BC152C05417500A163D8 /* Pages */,
				F8D1BC142C05412D00A163D8 /* BasicElems */,
				F8B234662BC57ED8009D6962 /* Assets.xcassets */,
				F8B234682BC57ED8009D6962 /* Preview Content */,
			);
			path = LifeRecon;
			sourceTree = "<group>";
		};
		F8B234682BC57ED8009D6962 /* Preview Content */ = {
			isa = PBXGroup;
			children = (
				F8B234692BC57ED8009D6962 /* Preview Assets.xcassets */,
			);
			path = "Preview Content";
			sourceTree = "<group>";
		};
		F8B234722BC57ED9009D6962 /* LifeReconTests */ = {
			isa = PBXGroup;
			children = (
				F8B234732BC57ED9009D6962 /* LifeReconTests.swift */,
			);
			path = LifeReconTests;
			sourceTree = "<group>";
		};
		F8B2347C2BC57ED9009D6962 /* LifeReconUITests */ = {
			isa = PBXGroup;
			children = (
				F8B2347D2BC57ED9009D6962 /* LifeReconUITests.swift */,
				F8B2347F2BC57ED9009D6962 /* LifeReconUITestsLaunchTests.swift */,
			);
			path = LifeReconUITests;
			sourceTree = "<group>";
		};
		F8D1BC142C05412D00A163D8 /* BasicElems */ = {
			isa = PBXGroup;
			children = (
				F8D1BC1A2C05479200A163D8 /* NumberCircle.swift */,
				F88B27532C56AC8D00E19197 /* ExpandingButton.swift */,
				F82B69092C69314C0058FAC0 /* ToggleCircle.swift */,
				F82B690B2C697D380058FAC0 /* SingleToggleCircle.swift */,
				F81AC3DF2BC8632900D65AB4 /* SquareButton.swift */,
				F82B69072C68547E0058FAC0 /* CounterCounter.swift */,
				F81AC3E52BC89F8500D65AB4 /* backgroundrectangle.swift */,
				F86BD5012CAC4D0300E2392F /* DungeonBackground.swift */,
				F81AC3D92BC85B8000D65AB4 /* SmallKey.swift */,
				F81AC3D72BC831BE00D65AB4 /* LargeKey.swift */,
				F81AC3D32BC6E88200D65AB4 /* KeypadKey.swift */,
				F81AC3E32BC89A4600D65AB4 /* animations.swift */,
				F881E2782BD202D700A98031 /* BlankKey.swift */,
				F8D1BC122C04900500A163D8 /* HomeLargeButton.swift */,
			);
			path = BasicElems;
			sourceTree = "<group>";
		};
		F8D1BC152C05417500A163D8 /* Pages */ = {
			isa = PBXGroup;
			children = (
				F881E27A2BD20DC700A98031 /* StartGameSettings.swift */,
				F8729EBD2BDC00ED00662855 /* FivePlayerGame.swift */,
				F82E08EF2BC58BE400C651AE /* FourPlayerGame.swift */,
				F81AC3DB2BC85D3500D65AB4 /* ThreePlayerGame.swift */,
				F81AC3DD2BC85E6B00D65AB4 /* TwoPlayerGame.swift */,
				F881E27C2BD20F6600A98031 /* OnePlayerGame.swift */,
				F82E08ED2BC58A8E00C651AE /* Loading.swift */,
			);
			path = Pages;
			sourceTree = "<group>";
		};
		F8D1BC162C0541B600A163D8 /* PageElems */ = {
			isa = PBXGroup;
			children = (
				F82E08F12BC599CF00C651AE /* LifeBlock.swift */,
				F86BD4FD2CAC3CC700E2392F /* DungeonElem.swift */,
				F81B6B762C367B60005B98E4 /* CommanderDamageDisplay.swift */,
				F82B69052C68497D0058FAC0 /* MenuButton.swift */,
				F81AC3E12BC8690900D65AB4 /* CircleMenu.swift */,
				F8729EBF2BDC091200662855 /* Confirmation.swift */,
				F81AC3D12BC6E6B700D65AB4 /* SetLifeKeypad.swift */,
				F881E27E2BD2177300A98031 /* BasicKeypad.swift */,
				F8D1BC182C05433F00A163D8 /* PlayerMenu.swift */,
			);
			path = PageElems;
			sourceTree = "<group>";
		};
		F8D1BC172C0541FD00A163D8 /* Structs */ = {
			isa = PBXGroup;
			children = (
				F82E08F52BC5A57900C651AE /* Game.swift */,
				F82E08F32BC5A56000C651AE /* Player.swift */,
			);
			path = Structs;
			sourceTree = "<group>";
		};
/* End PBXGroup section */

/* Begin PBXNativeTarget section */
		F8B2345E2BC57ED7009D6962 /* LifeRecon */ = {
			isa = PBXNativeTarget;
			buildConfigurationList = F8B234832BC57ED9009D6962 /* Build configuration list for PBXNativeTarget "LifeRecon" */;
			buildPhases = (
				F8B2345B2BC57ED7009D6962 /* Sources */,
				F8B2345C2BC57ED7009D6962 /* Frameworks */,
				F8B2345D2BC57ED7009D6962 /* Resources */,
			);
			buildRules = (
			);
			dependencies = (
			);
			name = LifeRecon;
			productName = LifeRecon;
			productReference = F8B2345F2BC57ED7009D6962 /* LifeRecon.app */;
			productType = "com.apple.product-type.application";
		};
		F8B2346E2BC57ED9009D6962 /* LifeReconTests */ = {
			isa = PBXNativeTarget;
			buildConfigurationList = F8B234862BC57ED9009D6962 /* Build configuration list for PBXNativeTarget "LifeReconTests" */;
			buildPhases = (
				F8B2346B2BC57ED9009D6962 /* Sources */,
				F8B2346C2BC57ED9009D6962 /* Frameworks */,
				F8B2346D2BC57ED9009D6962 /* Resources */,
			);
			buildRules = (
			);
			dependencies = (
				F8B234712BC57ED9009D6962 /* PBXTargetDependency */,
			);
			name = LifeReconTests;
			productName = LifeReconTests;
			productReference = F8B2346F2BC57ED9009D6962 /* LifeReconTests.xctest */;
			productType = "com.apple.product-type.bundle.unit-test";
		};
		F8B234782BC57ED9009D6962 /* LifeReconUITests */ = {
			isa = PBXNativeTarget;
			buildConfigurationList = F8B234892BC57ED9009D6962 /* Build configuration list for PBXNativeTarget "LifeReconUITests" */;
			buildPhases = (
				F8B234752BC57ED9009D6962 /* Sources */,
				F8B234762BC57ED9009D6962 /* Frameworks */,
				F8B234772BC57ED9009D6962 /* Resources */,
			);
			buildRules = (
			);
			dependencies = (
				F8B2347B2BC57ED9009D6962 /* PBXTargetDependency */,
			);
			name = LifeReconUITests;
			productName = LifeReconUITests;
			productReference = F8B234792BC57ED9009D6962 /* LifeReconUITests.xctest */;
			productType = "com.apple.product-type.bundle.ui-testing";
		};
/* End PBXNativeTarget section */

/* Begin PBXProject section */
		F8B234572BC57ED7009D6962 /* Project object */ = {
			isa = PBXProject;
			attributes = {
				BuildIndependentTargetsInParallel = 1;
				LastSwiftUpdateCheck = 1530;
				LastUpgradeCheck = 1530;
				TargetAttributes = {
					F8B2345E2BC57ED7009D6962 = {
						CreatedOnToolsVersion = 15.3;
					};
					F8B2346E2BC57ED9009D6962 = {
						CreatedOnToolsVersion = 15.3;
						TestTargetID = F8B2345E2BC57ED7009D6962;
					};
					F8B234782BC57ED9009D6962 = {
						CreatedOnToolsVersion = 15.3;
						TestTargetID = F8B2345E2BC57ED7009D6962;
					};
				};
			};
			buildConfigurationList = F8B2345A2BC57ED7009D6962 /* Build configuration list for PBXProject "LifeRecon" */;
			compatibilityVersion = "Xcode 14.0";
			developmentRegion = en;
			hasScannedForEncodings = 0;
			knownRegions = (
				en,
				Base,
			);
			mainGroup = F8B234562BC57ED7009D6962;
			productRefGroup = F8B234602BC57ED7009D6962 /* Products */;
			projectDirPath = "";
			projectRoot = "";
			targets = (
				F8B2345E2BC57ED7009D6962 /* LifeRecon */,
				F8B2346E2BC57ED9009D6962 /* LifeReconTests */,
				F8B234782BC57ED9009D6962 /* LifeReconUITests */,
			);
		};
/* End PBXProject section */

/* Begin PBXResourcesBuildPhase section */
		F8B2345D2BC57ED7009D6962 /* Resources */ = {
			isa = PBXResourcesBuildPhase;
			buildActionMask = 2147483647;
			files = (
				F82E08F82BC5C0B600C651AE /* Test.storyboard in Resources */,
				F8B2346A2BC57ED8009D6962 /* Preview Assets.xcassets in Resources */,
				F8B234672BC57ED8009D6962 /* Assets.xcassets in Resources */,
			);
			runOnlyForDeploymentPostprocessing = 0;
		};
		F8B2346D2BC57ED9009D6962 /* Resources */ = {
			isa = PBXResourcesBuildPhase;
			buildActionMask = 2147483647;
			files = (
			);
			runOnlyForDeploymentPostprocessing = 0;
		};
		F8B234772BC57ED9009D6962 /* Resources */ = {
			isa = PBXResourcesBuildPhase;
			buildActionMask = 2147483647;
			files = (
			);
			runOnlyForDeploymentPostprocessing = 0;
		};
/* End PBXResourcesBuildPhase section */

/* Begin PBXSourcesBuildPhase section */
		F8B2345B2BC57ED7009D6962 /* Sources */ = {
			isa = PBXSourcesBuildPhase;
			buildActionMask = 2147483647;
			files = (
				F881E27F2BD2177300A98031 /* BasicKeypad.swift in Sources */,
				F81AC3D22BC6E6B700D65AB4 /* SetLifeKeypad.swift in Sources */,
				F82B69062C68497D0058FAC0 /* MenuButton.swift in Sources */,
				F82E08EE2BC58A8E00C651AE /* Loading.swift in Sources */,
				F81B6B772C367B60005B98E4 /* CommanderDamageDisplay.swift in Sources */,
				F86BD4FE2CAC3CC700E2392F /* DungeonElem.swift in Sources */,
				F81AC3DC2BC85D3500D65AB4 /* ThreePlayerGame.swift in Sources */,
				F82E08F62BC5A57900C651AE /* Game.swift in Sources */,
				F86BD5022CAC4D0300E2392F /* DungeonBackground.swift in Sources */,
				F82E08F02BC58BE500C651AE /* FourPlayerGame.swift in Sources */,
				F881E2792BD202D700A98031 /* BlankKey.swift in Sources */,
				F82B690C2C697D380058FAC0 /* SingleToggleCircle.swift in Sources */,
				F8D1BC132C04900500A163D8 /* HomeLargeButton.swift in Sources */,
				F8729EC02BDC091200662855 /* Confirmation.swift in Sources */,
				F81AC3D82BC831BE00D65AB4 /* LargeKey.swift in Sources */,
				F82B69042C6847750058FAC0 /* PageManager.swift in Sources */,
				F81AC3E62BC89F8500D65AB4 /* backgroundrectangle.swift in Sources */,
				F81AC3DE2BC85E6B00D65AB4 /* TwoPlayerGame.swift in Sources */,
				F81AC3D42BC6E88200D65AB4 /* KeypadKey.swift in Sources */,
				F881E27D2BD20F6600A98031 /* OnePlayerGame.swift in Sources */,
				F81AC3E22BC8690900D65AB4 /* CircleMenu.swift in Sources */,
				F8D1BC192C05433F00A163D8 /* PlayerMenu.swift in Sources */,
				F81AC3DA2BC85B8000D65AB4 /* SmallKey.swift in Sources */,
				F8B234632BC57ED7009D6962 /* LifeReconApp.swift in Sources */,
				F82B69082C68547E0058FAC0 /* CounterCounter.swift in Sources */,
				F881E27B2BD20DC700A98031 /* StartGameSettings.swift in Sources */,
				F8D1BC1B2C05479200A163D8 /* NumberCircle.swift in Sources */,
				F88B27542C56AC8D00E19197 /* ExpandingButton.swift in Sources */,
				F82E08F42BC5A56000C651AE /* Player.swift in Sources */,
				F8729EBE2BDC00ED00662855 /* FivePlayerGame.swift in Sources */,
				F81AC3E02BC8632900D65AB4 /* SquareButton.swift in Sources */,
				F81AC3E42BC89A4600D65AB4 /* animations.swift in Sources */,
				F82E08F22BC599CF00C651AE /* LifeBlock.swift in Sources */,
				F82B690A2C69314C0058FAC0 /* ToggleCircle.swift in Sources */,
			);
			runOnlyForDeploymentPostprocessing = 0;
		};
		F8B2346B2BC57ED9009D6962 /* Sources */ = {
			isa = PBXSourcesBuildPhase;
			buildActionMask = 2147483647;
			files = (
				F8B234742BC57ED9009D6962 /* LifeReconTests.swift in Sources */,
			);
			runOnlyForDeploymentPostprocessing = 0;
		};
		F8B234752BC57ED9009D6962 /* Sources */ = {
			isa = PBXSourcesBuildPhase;
			buildActionMask = 2147483647;
			files = (
				F8B234802BC57ED9009D6962 /* LifeReconUITestsLaunchTests.swift in Sources */,
				F8B2347E2BC57ED9009D6962 /* LifeReconUITests.swift in Sources */,
			);
			runOnlyForDeploymentPostprocessing = 0;
		};
/* End PBXSourcesBuildPhase section */

/* Begin PBXTargetDependency section */
		F8B234712BC57ED9009D6962 /* PBXTargetDependency */ = {
			isa = PBXTargetDependency;
			target = F8B2345E2BC57ED7009D6962 /* LifeRecon */;
			targetProxy = F8B234702BC57ED9009D6962 /* PBXContainerItemProxy */;
		};
		F8B2347B2BC57ED9009D6962 /* PBXTargetDependency */ = {
			isa = PBXTargetDependency;
			target = F8B2345E2BC57ED7009D6962 /* LifeRecon */;
			targetProxy = F8B2347A2BC57ED9009D6962 /* PBXContainerItemProxy */;
		};
/* End PBXTargetDependency section */

/* Begin XCBuildConfiguration section */
		F8B234812BC57ED9009D6962 /* Debug */ = {
			isa = XCBuildConfiguration;
			buildSettings = {
				ALWAYS_SEARCH_USER_PATHS = NO;
				ASSETCATALOG_COMPILER_GENERATE_SWIFT_ASSET_SYMBOL_EXTENSIONS = YES;
				CLANG_ANALYZER_NONNULL = YES;
				CLANG_ANALYZER_NUMBER_OBJECT_CONVERSION = YES_AGGRESSIVE;
				CLANG_CXX_LANGUAGE_STANDARD = "gnu++20";
				CLANG_ENABLE_MODULES = YES;
				CLANG_ENABLE_OBJC_ARC = YES;
				CLANG_ENABLE_OBJC_WEAK = YES;
				CLANG_WARN_BLOCK_CAPTURE_AUTORELEASING = YES;
				CLANG_WARN_BOOL_CONVERSION = YES;
				CLANG_WARN_COMMA = YES;
				CLANG_WARN_CONSTANT_CONVERSION = YES;
				CLANG_WARN_DEPRECATED_OBJC_IMPLEMENTATIONS = YES;
				CLANG_WARN_DIRECT_OBJC_ISA_USAGE = YES_ERROR;
				CLANG_WARN_DOCUMENTATION_COMMENTS = YES;
				CLANG_WARN_EMPTY_BODY = YES;
				CLANG_WARN_ENUM_CONVERSION = YES;
				CLANG_WARN_INFINITE_RECURSION = YES;
				CLANG_WARN_INT_CONVERSION = YES;
				CLANG_WARN_NON_LITERAL_NULL_CONVERSION = YES;
				CLANG_WARN_OBJC_IMPLICIT_RETAIN_SELF = YES;
				CLANG_WARN_OBJC_LITERAL_CONVERSION = YES;
				CLANG_WARN_OBJC_ROOT_CLASS = YES_ERROR;
				CLANG_WARN_QUOTED_INCLUDE_IN_FRAMEWORK_HEADER = YES;
				CLANG_WARN_RANGE_LOOP_ANALYSIS = YES;
				CLANG_WARN_STRICT_PROTOTYPES = YES;
				CLANG_WARN_SUSPICIOUS_MOVE = YES;
				CLANG_WARN_UNGUARDED_AVAILABILITY = YES_AGGRESSIVE;
				CLANG_WARN_UNREACHABLE_CODE = YES;
				CLANG_WARN__DUPLICATE_METHOD_MATCH = YES;
				COPY_PHASE_STRIP = NO;
				DEBUG_INFORMATION_FORMAT = dwarf;
				ENABLE_STRICT_OBJC_MSGSEND = YES;
				ENABLE_TESTABILITY = YES;
				ENABLE_USER_SCRIPT_SANDBOXING = YES;
				GCC_C_LANGUAGE_STANDARD = gnu17;
				GCC_DYNAMIC_NO_PIC = NO;
				GCC_NO_COMMON_BLOCKS = YES;
				GCC_OPTIMIZATION_LEVEL = 0;
				GCC_PREPROCESSOR_DEFINITIONS = (
					"DEBUG=1",
					"$(inherited)",
				);
				GCC_WARN_64_TO_32_BIT_CONVERSION = YES;
				GCC_WARN_ABOUT_RETURN_TYPE = YES_ERROR;
				GCC_WARN_UNDECLARED_SELECTOR = YES;
				GCC_WARN_UNINITIALIZED_AUTOS = YES_AGGRESSIVE;
				GCC_WARN_UNUSED_FUNCTION = YES;
				GCC_WARN_UNUSED_VARIABLE = YES;
				IPHONEOS_DEPLOYMENT_TARGET = 17.4;
				LOCALIZATION_PREFERS_STRING_CATALOGS = YES;
				MTL_ENABLE_DEBUG_INFO = INCLUDE_SOURCE;
				MTL_FAST_MATH = YES;
				ONLY_ACTIVE_ARCH = YES;
				SDKROOT = iphoneos;
				SWIFT_ACTIVE_COMPILATION_CONDITIONS = "DEBUG $(inherited)";
				SWIFT_OPTIMIZATION_LEVEL = "-Onone";
			};
			name = Debug;
		};
		F8B234822BC57ED9009D6962 /* Release */ = {
			isa = XCBuildConfiguration;
			buildSettings = {
				ALWAYS_SEARCH_USER_PATHS = NO;
				ASSETCATALOG_COMPILER_GENERATE_SWIFT_ASSET_SYMBOL_EXTENSIONS = YES;
				CLANG_ANALYZER_NONNULL = YES;
				CLANG_ANALYZER_NUMBER_OBJECT_CONVERSION = YES_AGGRESSIVE;
				CLANG_CXX_LANGUAGE_STANDARD = "gnu++20";
				CLANG_ENABLE_MODULES = YES;
				CLANG_ENABLE_OBJC_ARC = YES;
				CLANG_ENABLE_OBJC_WEAK = YES;
				CLANG_WARN_BLOCK_CAPTURE_AUTORELEASING = YES;
				CLANG_WARN_BOOL_CONVERSION = YES;
				CLANG_WARN_COMMA = YES;
				CLANG_WARN_CONSTANT_CONVERSION = YES;
				CLANG_WARN_DEPRECATED_OBJC_IMPLEMENTATIONS = YES;
				CLANG_WARN_DIRECT_OBJC_ISA_USAGE = YES_ERROR;
				CLANG_WARN_DOCUMENTATION_COMMENTS = YES;
				CLANG_WARN_EMPTY_BODY = YES;
				CLANG_WARN_ENUM_CONVERSION = YES;
				CLANG_WARN_INFINITE_RECURSION = YES;
				CLANG_WARN_INT_CONVERSION = YES;
				CLANG_WARN_NON_LITERAL_NULL_CONVERSION = YES;
				CLANG_WARN_OBJC_IMPLICIT_RETAIN_SELF = YES;
				CLANG_WARN_OBJC_LITERAL_CONVERSION = YES;
				CLANG_WARN_OBJC_ROOT_CLASS = YES_ERROR;
				CLANG_WARN_QUOTED_INCLUDE_IN_FRAMEWORK_HEADER = YES;
				CLANG_WARN_RANGE_LOOP_ANALYSIS = YES;
				CLANG_WARN_STRICT_PROTOTYPES = YES;
				CLANG_WARN_SUSPICIOUS_MOVE = YES;
				CLANG_WARN_UNGUARDED_AVAILABILITY = YES_AGGRESSIVE;
				CLANG_WARN_UNREACHABLE_CODE = YES;
				CLANG_WARN__DUPLICATE_METHOD_MATCH = YES;
				COPY_PHASE_STRIP = NO;
				DEBUG_INFORMATION_FORMAT = "dwarf-with-dsym";
				ENABLE_NS_ASSERTIONS = NO;
				ENABLE_STRICT_OBJC_MSGSEND = YES;
				ENABLE_USER_SCRIPT_SANDBOXING = YES;
				GCC_C_LANGUAGE_STANDARD = gnu17;
				GCC_NO_COMMON_BLOCKS = YES;
				GCC_WARN_64_TO_32_BIT_CONVERSION = YES;
				GCC_WARN_ABOUT_RETURN_TYPE = YES_ERROR;
				GCC_WARN_UNDECLARED_SELECTOR = YES;
				GCC_WARN_UNINITIALIZED_AUTOS = YES_AGGRESSIVE;
				GCC_WARN_UNUSED_FUNCTION = YES;
				GCC_WARN_UNUSED_VARIABLE = YES;
				IPHONEOS_DEPLOYMENT_TARGET = 17.4;
				LOCALIZATION_PREFERS_STRING_CATALOGS = YES;
				MTL_ENABLE_DEBUG_INFO = NO;
				MTL_FAST_MATH = YES;
				SDKROOT = iphoneos;
				SWIFT_COMPILATION_MODE = wholemodule;
				VALIDATE_PRODUCT = YES;
			};
			name = Release;
		};
		F8B234842BC57ED9009D6962 /* Debug */ = {
			isa = XCBuildConfiguration;
			buildSettings = {
				ASSETCATALOG_COMPILER_APPICON_NAME = AppIcon;
				ASSETCATALOG_COMPILER_GLOBAL_ACCENT_COLOR_NAME = AccentColor;
				CODE_SIGN_STYLE = Automatic;
				CURRENT_PROJECT_VERSION = 1;
				DEVELOPMENT_ASSET_PATHS = "\"LifeRecon/Preview Content\"";
				DEVELOPMENT_TEAM = P8C2F5KG4U;
				ENABLE_PREVIEWS = YES;
				GENERATE_INFOPLIST_FILE = YES;
				INFOPLIST_KEY_UIApplicationSceneManifest_Generation = YES;
				INFOPLIST_KEY_UIApplicationSupportsIndirectInputEvents = YES;
				INFOPLIST_KEY_UILaunchScreen_Generation = YES;
				INFOPLIST_KEY_UISupportedInterfaceOrientations = UIInterfaceOrientationPortrait;
				IPHONEOS_DEPLOYMENT_TARGET = 18.0;
				LD_RUNPATH_SEARCH_PATHS = (
					"$(inherited)",
					"@executable_path/Frameworks",
				);
				MARKETING_VERSION = 1.0;
				PRODUCT_BUNDLE_IDENTIFIER = "Recon-Dev.LifeRecon";
				PRODUCT_NAME = "$(TARGET_NAME)";
				SWIFT_EMIT_LOC_STRINGS = YES;
				SWIFT_VERSION = 5.0;
				TARGETED_DEVICE_FAMILY = "1,2";
			};
			name = Debug;
		};
		F8B234852BC57ED9009D6962 /* Release */ = {
			isa = XCBuildConfiguration;
			buildSettings = {
				ASSETCATALOG_COMPILER_APPICON_NAME = AppIcon;
				ASSETCATALOG_COMPILER_GLOBAL_ACCENT_COLOR_NAME = AccentColor;
				CODE_SIGN_STYLE = Automatic;
				CURRENT_PROJECT_VERSION = 1;
				DEVELOPMENT_ASSET_PATHS = "\"LifeRecon/Preview Content\"";
				DEVELOPMENT_TEAM = P8C2F5KG4U;
				ENABLE_PREVIEWS = YES;
				GENERATE_INFOPLIST_FILE = YES;
				INFOPLIST_KEY_UIApplicationSceneManifest_Generation = YES;
				INFOPLIST_KEY_UIApplicationSupportsIndirectInputEvents = YES;
				INFOPLIST_KEY_UILaunchScreen_Generation = YES;
				INFOPLIST_KEY_UISupportedInterfaceOrientations = UIInterfaceOrientationPortrait;
				IPHONEOS_DEPLOYMENT_TARGET = 18.0;
				LD_RUNPATH_SEARCH_PATHS = (
					"$(inherited)",
					"@executable_path/Frameworks",
				);
				MARKETING_VERSION = 1.0;
				PRODUCT_BUNDLE_IDENTIFIER = "Recon-Dev.LifeRecon";
				PRODUCT_NAME = "$(TARGET_NAME)";
				SWIFT_EMIT_LOC_STRINGS = YES;
				SWIFT_VERSION = 5.0;
				TARGETED_DEVICE_FAMILY = "1,2";
			};
			name = Release;
		};
		F8B234872BC57ED9009D6962 /* Debug */ = {
			isa = XCBuildConfiguration;
			buildSettings = {
				ALWAYS_EMBED_SWIFT_STANDARD_LIBRARIES = YES;
				BUNDLE_LOADER = "$(TEST_HOST)";
				CODE_SIGN_STYLE = Automatic;
				CURRENT_PROJECT_VERSION = 1;
				DEVELOPMENT_TEAM = P8C2F5KG4U;
				GENERATE_INFOPLIST_FILE = YES;
				IPHONEOS_DEPLOYMENT_TARGET = 17.4;
				MARKETING_VERSION = 1.0;
				PRODUCT_BUNDLE_IDENTIFIER = "Recon-Dev.LifeReconTests";
				PRODUCT_NAME = "$(TARGET_NAME)";
				SWIFT_EMIT_LOC_STRINGS = NO;
				SWIFT_VERSION = 5.0;
				TARGETED_DEVICE_FAMILY = "1,2";
				TEST_HOST = "$(BUILT_PRODUCTS_DIR)/LifeRecon.app/$(BUNDLE_EXECUTABLE_FOLDER_PATH)/LifeRecon";
			};
			name = Debug;
		};
		F8B234882BC57ED9009D6962 /* Release */ = {
			isa = XCBuildConfiguration;
			buildSettings = {
				ALWAYS_EMBED_SWIFT_STANDARD_LIBRARIES = YES;
				BUNDLE_LOADER = "$(TEST_HOST)";
				CODE_SIGN_STYLE = Automatic;
				CURRENT_PROJECT_VERSION = 1;
				DEVELOPMENT_TEAM = P8C2F5KG4U;
				GENERATE_INFOPLIST_FILE = YES;
				IPHONEOS_DEPLOYMENT_TARGET = 17.4;
				MARKETING_VERSION = 1.0;
				PRODUCT_BUNDLE_IDENTIFIER = "Recon-Dev.LifeReconTests";
				PRODUCT_NAME = "$(TARGET_NAME)";
				SWIFT_EMIT_LOC_STRINGS = NO;
				SWIFT_VERSION = 5.0;
				TARGETED_DEVICE_FAMILY = "1,2";
				TEST_HOST = "$(BUILT_PRODUCTS_DIR)/LifeRecon.app/$(BUNDLE_EXECUTABLE_FOLDER_PATH)/LifeRecon";
			};
			name = Release;
		};
		F8B2348A2BC57ED9009D6962 /* Debug */ = {
			isa = XCBuildConfiguration;
			buildSettings = {
				ALWAYS_EMBED_SWIFT_STANDARD_LIBRARIES = YES;
				CODE_SIGN_STYLE = Automatic;
				CURRENT_PROJECT_VERSION = 1;
				GENERATE_INFOPLIST_FILE = YES;
				MARKETING_VERSION = 1.0;
				PRODUCT_BUNDLE_IDENTIFIER = "Recon-Dev.LifeReconUITests";
				PRODUCT_NAME = "$(TARGET_NAME)";
				SWIFT_EMIT_LOC_STRINGS = NO;
				SWIFT_VERSION = 5.0;
				TARGETED_DEVICE_FAMILY = "1,2";
				TEST_TARGET_NAME = LifeRecon;
			};
			name = Debug;
		};
		F8B2348B2BC57ED9009D6962 /* Release */ = {
			isa = XCBuildConfiguration;
			buildSettings = {
				ALWAYS_EMBED_SWIFT_STANDARD_LIBRARIES = YES;
				CODE_SIGN_STYLE = Automatic;
				CURRENT_PROJECT_VERSION = 1;
				GENERATE_INFOPLIST_FILE = YES;
				MARKETING_VERSION = 1.0;
				PRODUCT_BUNDLE_IDENTIFIER = "Recon-Dev.LifeReconUITests";
				PRODUCT_NAME = "$(TARGET_NAME)";
				SWIFT_EMIT_LOC_STRINGS = NO;
				SWIFT_VERSION = 5.0;
				TARGETED_DEVICE_FAMILY = "1,2";
				TEST_TARGET_NAME = LifeRecon;
			};
			name = Release;
		};
/* End XCBuildConfiguration section */

/* Begin XCConfigurationList section */
		F8B2345A2BC57ED7009D6962 /* Build configuration list for PBXProject "LifeRecon" */ = {
			isa = XCConfigurationList;
			buildConfigurations = (
				F8B234812BC57ED9009D6962 /* Debug */,
				F8B234822BC57ED9009D6962 /* Release */,
			);
			defaultConfigurationIsVisible = 0;
			defaultConfigurationName = Release;
		};
		F8B234832BC57ED9009D6962 /* Build configuration list for PBXNativeTarget "LifeRecon" */ = {
			isa = XCConfigurationList;
			buildConfigurations = (
				F8B234842BC57ED9009D6962 /* Debug */,
				F8B234852BC57ED9009D6962 /* Release */,
			);
			defaultConfigurationIsVisible = 0;
			defaultConfigurationName = Release;
		};
		F8B234862BC57ED9009D6962 /* Build configuration list for PBXNativeTarget "LifeReconTests" */ = {
			isa = XCConfigurationList;
			buildConfigurations = (
				F8B234872BC57ED9009D6962 /* Debug */,
				F8B234882BC57ED9009D6962 /* Release */,
			);
			defaultConfigurationIsVisible = 0;
			defaultConfigurationName = Release;
		};
		F8B234892BC57ED9009D6962 /* Build configuration list for PBXNativeTarget "LifeReconUITests" */ = {
			isa = XCConfigurationList;
			buildConfigurations = (
				F8B2348A2BC57ED9009D6962 /* Debug */,
				F8B2348B2BC57ED9009D6962 /* Release */,
			);
			defaultConfigurationIsVisible = 0;
			defaultConfigurationName = Release;
		};
/* End XCConfigurationList section */
	};
	rootObject = F8B234572BC57ED7009D6962 /* Project object */;
}
